PODS:
  - Flutter (1.0.0)
  - flutter_web_gl (0.0.1):
    - Flutter

DEPENDENCIES:
  - Flutter (from `Flutter`)
  - flutter_web_gl (from `.symlinks/plugins/flutter_web_gl/ios`)

EXTERNAL SOURCES:
  Flutter:
    :path: Flutter
  flutter_web_gl:
    :path: ".symlinks/plugins/flutter_web_gl/ios"

SPEC CHECKSUMS:
  Flutter: 434fef37c0980e73bb6479ef766c45957d4b510c
  flutter_web_gl: b27dfa00abe22ebc814a74424196d2fbd5490bfc

PODFILE CHECKSUM: 21b64fbb12492d731c9be90cbe0f2d328bef4b49

COCOAPODS: 1.10.0
