PODS:
  - flutter_web_gl (0.0.1):
    - flutter_web_gl/MetalANGLE (= 0.0.1)
    - FlutterMacOS
  - flutter_web_gl/MetalANGLE (0.0.1):
    - FlutterMacOS
  - FlutterMacOS (1.0.0)
  - shared_preferences_macos (0.0.1):
    - FlutterMacOS

DEPENDENCIES:
  - flutter_web_gl (from `Flutter/ephemeral/.symlinks/plugins/flutter_web_gl/macos`)
  - FlutterMacOS (from `Flutter/ephemeral`)
  - shared_preferences_macos (from `Flutter/ephemeral/.symlinks/plugins/shared_preferences_macos/macos`)

EXTERNAL SOURCES:
  flutter_web_gl:
    :path: Flutter/ephemeral/.symlinks/plugins/flutter_web_gl/macos
  FlutterMacOS:
    :path: Flutter/ephemeral
  shared_preferences_macos:
    :path: Flutter/ephemeral/.symlinks/plugins/shared_preferences_macos/macos

SPEC CHECKSUMS:
  flutter_web_gl: e6bcb90cc31ca7f116241943461c5918bb8ea9da
  FlutterMacOS: 57701585bf7de1b3fc2bb61f6378d73bbdea8424
  shared_preferences_macos: 480ce071d0666e37cef23fe6c702293a3d21799e

PODFILE CHECKSUM: 6eac6b3292e5142cfc23bdeb71848a40ec51c14c

COCOAPODS: 1.10.0
